
Microsoft Visual Studio Solution File, Format Version 12.00
# Visual Studio Version 16
VisualStudioVersion = 16.0.810.10
MinimumVisualStudioVersion = 10.0.40219.1
Project("{FAE04EC0-301F-11D3-BF4B-00C04F79EFBC}") = "AdamsCodeChallange.JSONFormatter", "AdamsCodeChallange.JSONFormatter\AdamsCodeChallange.JSONFormatter.csproj", "{8F6B63BC-AC2A-4BC5-99B9-D220691D5E85}"
EndProject
Project("{FAE04EC0-301F-11D3-BF4B-00C04F79EFBC}") = "AdamsCodeChallange.Shared", "AdamsCodeChallange.Shared\AdamsCodeChallange.Shared.csproj", "{EE4915FE-788A-4568-B90B-EA6810F41A9A}"
EndProject
Project("{FAE04EC0-301F-11D3-BF4B-00C04F79EFBC}") = "AdamsCodeChallange.ConsoleApp", "AdamsCodeChallange.ConsoleApp\AdamsCodeChallange.ConsoleApp.csproj", "{9056E77A-51B0-40DA-B763-CA10514C73CE}"
EndProject
Project("{2150E333-8FDC-42A3-9474-1A3956D46DE8}") = "Solution Items", "Solution Items", "{F5C2D785-B46F-401B-8A99-1D54C9C2B1FD}"
	ProjectSection(SolutionItems) = preProject
		.gitignore = .gitignore
	EndProjectSection
EndProject
Global
	GlobalSection(SolutionConfigurationPlatforms) = preSolution
		Debug|Any CPU = Debug|Any CPU
		Release|Any CPU = Release|Any CPU
	EndGlobalSection
	GlobalSection(ProjectConfigurationPlatforms) = postSolution
		{8F6B63BC-AC2A-4BC5-99B9-D220691D5E85}.Debug|Any CPU.ActiveCfg = Debug|Any CPU
		{8F6B63BC-AC2A-4BC5-99B9-D220691D5E85}.Debug|Any CPU.Build.0 = Debug|Any CPU
		{8F6B63BC-AC2A-4BC5-99B9-D220691D5E85}.Release|Any CPU.ActiveCfg = Release|Any CPU
		{8F6B63BC-AC2A-4BC5-99B9-D220691D5E85}.Release|Any CPU.Build.0 = Release|Any CPU
		{EE4915FE-788A-4568-B90B-EA6810F41A9A}.Debug|Any CPU.ActiveCfg = Debug|Any CPU
		{EE4915FE-788A-4568-B90B-EA6810F41A9A}.Debug|Any CPU.Build.0 = Debug|Any CPU
		{EE4915FE-788A-4568-B90B-EA6810F41A9A}.Release|Any CPU.ActiveCfg = Release|Any CPU
		{EE4915FE-788A-4568-B90B-EA6810F41A9A}.Release|Any CPU.Build.0 = Release|Any CPU
		{9056E77A-51B0-40DA-B763-CA10514C73CE}.Debug|Any CPU.ActiveCfg = Debug|Any CPU
		{9056E77A-51B0-40DA-B763-CA10514C73CE}.Debug|Any CPU.Build.0 = Debug|Any CPU
		{9056E77A-51B0-40DA-B763-CA10514C73CE}.Release|Any CPU.ActiveCfg = Release|Any CPU
		{9056E77A-51B0-40DA-B763-CA10514C73CE}.Release|Any CPU.Build.0 = Release|Any CPU
	EndGlobalSection
	GlobalSection(SolutionProperties) = preSolution
		HideSolutionNode = FALSE
	EndGlobalSection
	GlobalSection(ExtensibilityGlobals) = postSolution
		SolutionGuid = {6A65A029-A173-4954-A48C-A202055DB5DF}
	EndGlobalSection
EndGlobal
